
Microsoft Visual Studio Solution File, Format Version 12.00
# Visual Studio Version 17
VisualStudioVersion = 17.7.34031.279
MinimumVisualStudioVersion = 10.0.40219.1
Project("{FAE04EC0-301F-11D3-BF4B-00C04F79EFBC}") = "notebook", "notebook\notebook.csproj", "{C67983D6-5F54-4FFB-B063-6C319BBE2984}"
EndProject
Global
	GlobalSection(SolutionConfigurationPlatforms) = preSolution
		Debug|Any CPU = Debug|Any CPU
		Release|Any CPU = Release|Any CPU
	EndGlobalSection
	GlobalSection(ProjectConfigurationPlatforms) = postSolution
		{C67983D6-5F54-4FFB-B063-6C319BBE2984}.Debug|Any CPU.ActiveCfg = Debug|Any CPU
		{C67983D6-5F54-4FFB-B063-6C319BBE2984}.Debug|Any CPU.Build.0 = Debug|Any CPU
		{C67983D6-5F54-4FFB-B063-6C319BBE2984}.Release|Any CPU.ActiveCfg = Release|Any CPU
		{C67983D6-5F54-4FFB-B063-6C319BBE2984}.Release|Any CPU.Build.0 = Release|Any CPU
	EndGlobalSection
	GlobalSection(SolutionProperties) = preSolution
		HideSolutionNode = FALSE
	EndGlobalSection
	GlobalSection(ExtensibilityGlobals) = postSolution
		SolutionGuid = {4F04DC4B-C79D-4E8C-957A-15D5B9A1A537}
	EndGlobalSection
EndGlobal
